// !$*UTF8*$!
{
	archiveVersion = 1;
	classes = {
	};
	objectVersion = 50;
	objects = {

/* Begin PBXBuildFile section */
		B03574EB22957FF700F32EA0 /* dog panting.wav in Resources */ = {isa = PBXBuildFile; fileRef = B03574EA22957FF700F32EA0 /* dog panting.wav */; };
		B03574ED2295804500F32EA0 /* Slap.wav in Resources */ = {isa = PBXBuildFile; fileRef = B03574EC2295804500F32EA0 /* Slap.wav */; };
		B03574EF2295807700F32EA0 /* dog whining 2.mp3 in Resources */ = {isa = PBXBuildFile; fileRef = B03574EE2295807600F32EA0 /* dog whining 2.mp3 */; };
		B03574F12295809800F32EA0 /* Dog_and_Pony_Show.mp3 in Resources */ = {isa = PBXBuildFile; fileRef = B03574F02295809700F32EA0 /* Dog_and_Pony_Show.mp3 */; };
		B03574F3229580AA00F32EA0 /* puppy_bark2.mp3 in Resources */ = {isa = PBXBuildFile; fileRef = B03574F2229580AA00F32EA0 /* puppy_bark2.mp3 */; };
		B03574F5229580BD00F32EA0 /* Bubbles.mp3 in Resources */ = {isa = PBXBuildFile; fileRef = B03574F4229580BD00F32EA0 /* Bubbles.mp3 */; };
		B03574F7229580CC00F32EA0 /* refrigerator.wav in Resources */ = {isa = PBXBuildFile; fileRef = B03574F6229580CC00F32EA0 /* refrigerator.wav */; };
		B05B0C88229133A3001217D5 /* Dog Touge out 3.png in Resources */ = {isa = PBXBuildFile; fileRef = B05B0C85229133A3001217D5 /* Dog Touge out 3.png */; };
		B05B0C89229133A3001217D5 /* Dog Touge out 1.png in Resources */ = {isa = PBXBuildFile; fileRef = B05B0C86229133A3001217D5 /* Dog Touge out 1.png */; };
		B05B0C8A229133A3001217D5 /* Dog Touge out 2.png in Resources */ = {isa = PBXBuildFile; fileRef = B05B0C87229133A3001217D5 /* Dog Touge out 2.png */; };
		B05B0C942291372F001217D5 /* Dog Bark 1.png in Resources */ = {isa = PBXBuildFile; fileRef = B05B0C8B2291372F001217D5 /* Dog Bark 1.png */; };
		B05B0C952291372F001217D5 /* Dog Bark 2.png in Resources */ = {isa = PBXBuildFile; fileRef = B05B0C8C2291372F001217D5 /* Dog Bark 2.png */; };
		B05B0C962291372F001217D5 /* Dog Bark 4.png in Resources */ = {isa = PBXBuildFile; fileRef = B05B0C8D2291372F001217D5 /* Dog Bark 4.png */; };
		B05B0C972291372F001217D5 /* Dog Bark 9.png in Resources */ = {isa = PBXBuildFile; fileRef = B05B0C8E2291372F001217D5 /* Dog Bark 9.png */; };
		B05B0C982291372F001217D5 /* Dog Bark 6.png in Resources */ = {isa = PBXBuildFile; fileRef = B05B0C8F2291372F001217D5 /* Dog Bark 6.png */; };
		B05B0C992291372F001217D5 /* Dog Bark 7.png in Resources */ = {isa = PBXBuildFile; fileRef = B05B0C902291372F001217D5 /* Dog Bark 7.png */; };
		B05B0C9A2291372F001217D5 /* Dog Bark 5.png in Resources */ = {isa = PBXBuildFile; fileRef = B05B0C912291372F001217D5 /* Dog Bark 5.png */; };
		B05B0C9B2291372F001217D5 /* Dog Bark 8.png in Resources */ = {isa = PBXBuildFile; fileRef = B05B0C922291372F001217D5 /* Dog Bark 8.png */; };
		B05B0C9C2291372F001217D5 /* Dog Bark 3.png in Resources */ = {isa = PBXBuildFile; fileRef = B05B0C932291372F001217D5 /* Dog Bark 3.png */; };
		B05B0CB12291521B001217D5 /* heart 2.png in Resources */ = {isa = PBXBuildFile; fileRef = B05B0CAE2291521B001217D5 /* heart 2.png */; };
		B05B0CB22291521B001217D5 /* heart 1.png in Resources */ = {isa = PBXBuildFile; fileRef = B05B0CAF2291521B001217D5 /* heart 1.png */; };
		B05B0CB32291521B001217D5 /* heart 3.png in Resources */ = {isa = PBXBuildFile; fileRef = B05B0CB02291521B001217D5 /* heart 3.png */; };
		B05B0CB522915226001217D5 /* heart 4.png in Resources */ = {isa = PBXBuildFile; fileRef = B05B0CB422915226001217D5 /* heart 4.png */; };
		B079F5BB229AC67400922579 /* Chicken.png in Resources */ = {isa = PBXBuildFile; fileRef = B079F5BA229AC67400922579 /* Chicken.png */; };
		B079F5BF229ACECD00922579 /* Dog Eat 2.png in Resources */ = {isa = PBXBuildFile; fileRef = B079F5BD229ACECD00922579 /* Dog Eat 2.png */; };
		B079F5C0229ACECD00922579 /* Dog Eat 1.png in Resources */ = {isa = PBXBuildFile; fileRef = B079F5BE229ACECD00922579 /* Dog Eat 1.png */; };
		B07DA4AA2292707800C01A78 /* Dog crying 1.png in Resources */ = {isa = PBXBuildFile; fileRef = B07DA4A72292707800C01A78 /* Dog crying 1.png */; };
		B07DA4AB2292707800C01A78 /* Dog crying 2.png in Resources */ = {isa = PBXBuildFile; fileRef = B07DA4A82292707800C01A78 /* Dog crying 2.png */; };
		B07DA4AC2292707800C01A78 /* Dog crying 3.png in Resources */ = {isa = PBXBuildFile; fileRef = B07DA4A92292707800C01A78 /* Dog crying 3.png */; };
		B07DA4B422927E9D00C01A78 /* fridge button.png in Resources */ = {isa = PBXBuildFile; fileRef = B07DA4B322927E9D00C01A78 /* fridge button.png */; };
		B07DA55A2292B3FB00C01A78 /* background 12.png in Resources */ = {isa = PBXBuildFile; fileRef = B07DA53E2292B3FA00C01A78 /* background 12.png */; };
		B07DA55B2292B3FB00C01A78 /* background 21.png in Resources */ = {isa = PBXBuildFile; fileRef = B07DA53F2292B3FA00C01A78 /* background 21.png */; };
		B07DA55C2292B3FB00C01A78 /* background 27.png in Resources */ = {isa = PBXBuildFile; fileRef = B07DA5402292B3FA00C01A78 /* background 27.png */; };
		B07DA55D2292B3FB00C01A78 /* background 3.png in Resources */ = {isa = PBXBuildFile; fileRef = B07DA5412292B3FA00C01A78 /* background 3.png */; };
		B07DA55E2292B3FB00C01A78 /* background 7.png in Resources */ = {isa = PBXBuildFile; fileRef = B07DA5422292B3FA00C01A78 /* background 7.png */; };
		B07DA55F2292B3FB00C01A78 /* background 10.png in Resources */ = {isa = PBXBuildFile; fileRef = B07DA5432292B3FA00C01A78 /* background 10.png */; };
		B07DA5602292B3FB00C01A78 /* background 15.png in Resources */ = {isa = PBXBuildFile; fileRef = B07DA5442292B3FA00C01A78 /* background 15.png */; };
		B07DA5612292B3FB00C01A78 /* background 4.png in Resources */ = {isa = PBXBuildFile; fileRef = B07DA5452292B3FA00C01A78 /* background 4.png */; };
		B07DA5622292B3FB00C01A78 /* background 26.png in Resources */ = {isa = PBXBuildFile; fileRef = B07DA5462292B3FA00C01A78 /* background 26.png */; };
		B07DA5632292B3FB00C01A78 /* background 20.png in Resources */ = {isa = PBXBuildFile; fileRef = B07DA5472292B3FA00C01A78 /* background 20.png */; };
		B07DA5642292B3FB00C01A78 /* background 18.png in Resources */ = {isa = PBXBuildFile; fileRef = B07DA5482292B3FA00C01A78 /* background 18.png */; };
		B07DA5652292B3FB00C01A78 /* background 22.png in Resources */ = {isa = PBXBuildFile; fileRef = B07DA5492292B3FA00C01A78 /* background 22.png */; };
		B07DA5662292B3FB00C01A78 /* background 5.png in Resources */ = {isa = PBXBuildFile; fileRef = B07DA54A2292B3FA00C01A78 /* background 5.png */; };
		B07DA5672292B3FB00C01A78 /* background 23.png in Resources */ = {isa = PBXBuildFile; fileRef = B07DA54B2292B3FA00C01A78 /* background 23.png */; };
		B07DA5682292B3FB00C01A78 /* background 6.png in Resources */ = {isa = PBXBuildFile; fileRef = B07DA54C2292B3FA00C01A78 /* background 6.png */; };
		B07DA5692292B3FB00C01A78 /* background 9.png in Resources */ = {isa = PBXBuildFile; fileRef = B07DA54D2292B3FA00C01A78 /* background 9.png */; };
		B07DA56A2292B3FB00C01A78 /* background 13.png in Resources */ = {isa = PBXBuildFile; fileRef = B07DA54E2292B3FA00C01A78 /* background 13.png */; };
		B07DA56B2292B3FB00C01A78 /* background 1.png in Resources */ = {isa = PBXBuildFile; fileRef = B07DA54F2292B3FA00C01A78 /* background 1.png */; };
		B07DA56C2292B3FB00C01A78 /* background 8.png in Resources */ = {isa = PBXBuildFile; fileRef = B07DA5502292B3FB00C01A78 /* background 8.png */; };
		B07DA56D2292B3FB00C01A78 /* background 14.png in Resources */ = {isa = PBXBuildFile; fileRef = B07DA5512292B3FB00C01A78 /* background 14.png */; };
		B07DA56E2292B3FB00C01A78 /* background 25.png in Resources */ = {isa = PBXBuildFile; fileRef = B07DA5522292B3FB00C01A78 /* background 25.png */; };
		B07DA56F2292B3FB00C01A78 /* background 17.png in Resources */ = {isa = PBXBuildFile; fileRef = B07DA5532292B3FB00C01A78 /* background 17.png */; };
		B07DA5702292B3FB00C01A78 /* background 28.png in Resources */ = {isa = PBXBuildFile; fileRef = B07DA5542292B3FB00C01A78 /* background 28.png */; };
		B07DA5712292B3FB00C01A78 /* background 24.png in Resources */ = {isa = PBXBuildFile; fileRef = B07DA5552292B3FB00C01A78 /* background 24.png */; };
		B07DA5722292B3FB00C01A78 /* background 19.png in Resources */ = {isa = PBXBuildFile; fileRef = B07DA5562292B3FB00C01A78 /* background 19.png */; };
		B07DA5732292B3FB00C01A78 /* background 16.png in Resources */ = {isa = PBXBuildFile; fileRef = B07DA5572292B3FB00C01A78 /* background 16.png */; };
		B07DA5742292B3FB00C01A78 /* background 2.png in Resources */ = {isa = PBXBuildFile; fileRef = B07DA5582292B3FB00C01A78 /* background 2.png */; };
		B07DA5752292B3FB00C01A78 /* background 11.png in Resources */ = {isa = PBXBuildFile; fileRef = B07DA5592292B3FB00C01A78 /* background 11.png */; };
		B07DA5772292C39100C01A78 /* FridgeViewController.swift in Sources */ = {isa = PBXBuildFile; fileRef = B07DA5762292C39100C01A78 /* FridgeViewController.swift */; };
		B07DA5792292D95D00C01A78 /* Refrigerator.png in Resources */ = {isa = PBXBuildFile; fileRef = B07DA5782292D95D00C01A78 /* Refrigerator.png */; };
		B07DA57B2292D97100C01A78 /* meat.png in Resources */ = {isa = PBXBuildFile; fileRef = B07DA57A2292D97100C01A78 /* meat.png */; };
		B0A0AD3D229036FB003AB50B /* AppDelegate.swift in Sources */ = {isa = PBXBuildFile; fileRef = B0A0AD3C229036FB003AB50B /* AppDelegate.swift */; };
		B0A0AD3F229036FB003AB50B /* ViewController.swift in Sources */ = {isa = PBXBuildFile; fileRef = B0A0AD3E229036FB003AB50B /* ViewController.swift */; };
		B0A0AD42229036FB003AB50B /* Main.storyboard in Resources */ = {isa = PBXBuildFile; fileRef = B0A0AD40229036FB003AB50B /* Main.storyboard */; };
		B0A0AD44229036FC003AB50B /* Assets.xcassets in Resources */ = {isa = PBXBuildFile; fileRef = B0A0AD43229036FC003AB50B /* Assets.xcassets */; };
		B0A0AD47229036FC003AB50B /* LaunchScreen.storyboard in Resources */ = {isa = PBXBuildFile; fileRef = B0A0AD45229036FC003AB50B /* LaunchScreen.storyboard */; };
		B0A0AD5C22903773003AB50B /* Dog Idle 2.png in Resources */ = {isa = PBXBuildFile; fileRef = B0A0AD5922903773003AB50B /* Dog Idle 2.png */; };
		B0A0AD5D22903773003AB50B /* Dog Idle 3.png in Resources */ = {isa = PBXBuildFile; fileRef = B0A0AD5A22903773003AB50B /* Dog Idle 3.png */; };
		B0A0AD5E22903773003AB50B /* Dog Idle 1.png in Resources */ = {isa = PBXBuildFile; fileRef = B0A0AD5B22903773003AB50B /* Dog Idle 1.png */; };
		B0A0AD612290377A003AB50B /* Dog slapped 2.png in Resources */ = {isa = PBXBuildFile; fileRef = B0A0AD5F2290377A003AB50B /* Dog slapped 2.png */; };
		B0A0AD622290377A003AB50B /* Dog slapped 1.png in Resources */ = {isa = PBXBuildFile; fileRef = B0A0AD602290377A003AB50B /* Dog slapped 1.png */; };
/* End PBXBuildFile section */

/* Begin PBXFileReference section */
		B03574EA22957FF700F32EA0 /* dog panting.wav */ = {isa = PBXFileReference; lastKnownFileType = audio.wav; name = "dog panting.wav"; path = "../../../../../Downloads/dog panting.wav"; sourceTree = "<group>"; };
		B03574EC2295804500F32EA0 /* Slap.wav */ = {isa = PBXFileReference; lastKnownFileType = audio.wav; name = Slap.wav; path = ../../../../../Downloads/Slap.wav; sourceTree = "<group>"; };
		B03574EE2295807600F32EA0 /* dog whining 2.mp3 */ = {isa = PBXFileReference; lastKnownFileType = audio.mp3; name = "dog whining 2.mp3"; path = "../../../../dog whining 2.mp3"; sourceTree = "<group>"; };
		B03574F02295809700F32EA0 /* Dog_and_Pony_Show.mp3 */ = {isa = PBXFileReference; lastKnownFileType = audio.mp3; name = Dog_and_Pony_Show.mp3; path = ../../../../../Downloads/Dog_and_Pony_Show.mp3; sourceTree = "<group>"; };
		B03574F2229580AA00F32EA0 /* puppy_bark2.mp3 */ = {isa = PBXFileReference; lastKnownFileType = audio.mp3; name = puppy_bark2.mp3; path = ../../../../puppy_bark2.mp3; sourceTree = "<group>"; };
		B03574F4229580BD00F32EA0 /* Bubbles.mp3 */ = {isa = PBXFileReference; lastKnownFileType = audio.mp3; name = Bubbles.mp3; path = ../../../../../Downloads/Bubbles.mp3; sourceTree = "<group>"; };
		B03574F6229580CC00F32EA0 /* refrigerator.wav */ = {isa = PBXFileReference; lastKnownFileType = audio.wav; name = refrigerator.wav; path = ../../../../../Downloads/refrigerator.wav; sourceTree = "<group>"; };
		B05B0C85229133A3001217D5 /* Dog Touge out 3.png */ = {isa = PBXFileReference; lastKnownFileType = image.png; name = "Dog Touge out 3.png"; path = "../../../../../Assets/Updated 1.5/Dog Touge out 3.png"; sourceTree = "<group>"; };
		B05B0C86229133A3001217D5 /* Dog Touge out 1.png */ = {isa = PBXFileReference; lastKnownFileType = image.png; name = "Dog Touge out 1.png"; path = "../../../../../Assets/Updated 1.5/Dog Touge out 1.png"; sourceTree = "<group>"; };
		B05B0C87229133A3001217D5 /* Dog Touge out 2.png */ = {isa = PBXFileReference; lastKnownFileType = image.png; name = "Dog Touge out 2.png"; path = "../../../../../Assets/Updated 1.5/Dog Touge out 2.png"; sourceTree = "<group>"; };
		B05B0C8B2291372F001217D5 /* Dog Bark 1.png */ = {isa = PBXFileReference; lastKnownFileType = image.png; name = "Dog Bark 1.png"; path = "../../../../../Assets/Updated 1.5/Dog Bark 1.png"; sourceTree = "<group>"; };
		B05B0C8C2291372F001217D5 /* Dog Bark 2.png */ = {isa = PBXFileReference; lastKnownFileType = image.png; name = "Dog Bark 2.png"; path = "../../../../../Assets/Updated 1.5/Dog Bark 2.png"; sourceTree = "<group>"; };
		B05B0C8D2291372F001217D5 /* Dog Bark 4.png */ = {isa = PBXFileReference; lastKnownFileType = image.png; name = "Dog Bark 4.png"; path = "../../../../../Assets/Updated 1.5/Dog Bark 4.png"; sourceTree = "<group>"; };
		B05B0C8E2291372F001217D5 /* Dog Bark 9.png */ = {isa = PBXFileReference; lastKnownFileType = image.png; name = "Dog Bark 9.png"; path = "../../../../../Assets/Updated 1.5/Dog Bark 9.png"; sourceTree = "<group>"; };
		B05B0C8F2291372F001217D5 /* Dog Bark 6.png */ = {isa = PBXFileReference; lastKnownFileType = image.png; name = "Dog Bark 6.png"; path = "../../../../../Assets/Updated 1.5/Dog Bark 6.png"; sourceTree = "<group>"; };
		B05B0C902291372F001217D5 /* Dog Bark 7.png */ = {isa = PBXFileReference; lastKnownFileType = image.png; name = "Dog Bark 7.png"; path = "../../../../../Assets/Updated 1.5/Dog Bark 7.png"; sourceTree = "<group>"; };
		B05B0C912291372F001217D5 /* Dog Bark 5.png */ = {isa = PBXFileReference; lastKnownFileType = image.png; name = "Dog Bark 5.png"; path = "../../../../../Assets/Updated 1.5/Dog Bark 5.png"; sourceTree = "<group>"; };
		B05B0C922291372F001217D5 /* Dog Bark 8.png */ = {isa = PBXFileReference; lastKnownFileType = image.png; name = "Dog Bark 8.png"; path = "../../../../../Assets/Updated 1.5/Dog Bark 8.png"; sourceTree = "<group>"; };
		B05B0C932291372F001217D5 /* Dog Bark 3.png */ = {isa = PBXFileReference; lastKnownFileType = image.png; name = "Dog Bark 3.png"; path = "../../../../../Assets/Updated 1.5/Dog Bark 3.png"; sourceTree = "<group>"; };
		B05B0CAE2291521B001217D5 /* heart 2.png */ = {isa = PBXFileReference; lastKnownFileType = image.png; name = "heart 2.png"; path = "../../../../../Assets/Updated 1.5/heart 2.png"; sourceTree = "<group>"; };
		B05B0CAF2291521B001217D5 /* heart 1.png */ = {isa = PBXFileReference; lastKnownFileType = image.png; name = "heart 1.png"; path = "../../../../../Assets/Updated 1.5/heart 1.png"; sourceTree = "<group>"; };
		B05B0CB02291521B001217D5 /* heart 3.png */ = {isa = PBXFileReference; lastKnownFileType = image.png; name = "heart 3.png"; path = "../../../../../Assets/Updated 1.5/heart 3.png"; sourceTree = "<group>"; };
		B05B0CB422915226001217D5 /* heart 4.png */ = {isa = PBXFileReference; lastKnownFileType = image.png; name = "heart 4.png"; path = "../../../../../Assets/Updated 1.5/heart 4.png"; sourceTree = "<group>"; };
		B079F5BA229AC67400922579 /* Chicken.png */ = {isa = PBXFileReference; lastKnownFileType = image.png; name = Chicken.png; path = "../../../Assets/Updated 1.5/Chicken.png"; sourceTree = "<group>"; };
		B079F5BD229ACECD00922579 /* Dog Eat 2.png */ = {isa = PBXFileReference; lastKnownFileType = image.png; name = "Dog Eat 2.png"; path = "../../../../../Assets/Updated 1.5/Dog Eat 2.png"; sourceTree = "<group>"; };
		B079F5BE229ACECD00922579 /* Dog Eat 1.png */ = {isa = PBXFileReference; lastKnownFileType = image.png; name = "Dog Eat 1.png"; path = "../../../../../Assets/Updated 1.5/Dog Eat 1.png"; sourceTree = "<group>"; };
		B07DA4A72292707800C01A78 /* Dog crying 1.png */ = {isa = PBXFileReference; lastKnownFileType = image.png; name = "Dog crying 1.png"; path = "../../../../../Assets/Updated 1.5/Dog crying 1.png"; sourceTree = "<group>"; };
		B07DA4A82292707800C01A78 /* Dog crying 2.png */ = {isa = PBXFileReference; lastKnownFileType = image.png; name = "Dog crying 2.png"; path = "../../../../../Assets/Updated 1.5/Dog crying 2.png"; sourceTree = "<group>"; };
		B07DA4A92292707800C01A78 /* Dog crying 3.png */ = {isa = PBXFileReference; lastKnownFileType = image.png; name = "Dog crying 3.png"; path = "../../../../../Assets/Updated 1.5/Dog crying 3.png"; sourceTree = "<group>"; };
		B07DA4B322927E9D00C01A78 /* fridge button.png */ = {isa = PBXFileReference; lastKnownFileType = image.png; name = "fridge button.png"; path = "../../../Assets/Updated 1.5/fridge button.png"; sourceTree = "<group>"; };
		B07DA53E2292B3FA00C01A78 /* background 12.png */ = {isa = PBXFileReference; lastKnownFileType = image.png; name = "background 12.png"; path = "../../../../../Assets/Updated 1.5/background 12.png"; sourceTree = "<group>"; };
		B07DA53F2292B3FA00C01A78 /* background 21.png */ = {isa = PBXFileReference; lastKnownFileType = image.png; name = "background 21.png"; path = "../../../../../Assets/Updated 1.5/background 21.png"; sourceTree = "<group>"; };
		B07DA5402292B3FA00C01A78 /* background 27.png */ = {isa = PBXFileReference; lastKnownFileType = image.png; name = "background 27.png"; path = "../../../../../Assets/Updated 1.5/background 27.png"; sourceTree = "<group>"; };
		B07DA5412292B3FA00C01A78 /* background 3.png */ = {isa = PBXFileReference; lastKnownFileType = image.png; name = "background 3.png"; path = "../../../../../Assets/Updated 1.5/background 3.png"; sourceTree = "<group>"; };
		B07DA5422292B3FA00C01A78 /* background 7.png */ = {isa = PBXFileReference; lastKnownFileType = image.png; name = "background 7.png"; path = "../../../../../Assets/Updated 1.5/background 7.png"; sourceTree = "<group>"; };
		B07DA5432292B3FA00C01A78 /* background 10.png */ = {isa = PBXFileReference; lastKnownFileType = image.png; name = "background 10.png"; path = "../../../../../Assets/Updated 1.5/background 10.png"; sourceTree = "<group>"; };
		B07DA5442292B3FA00C01A78 /* background 15.png */ = {isa = PBXFileReference; lastKnownFileType = image.png; name = "background 15.png"; path = "../../../../../Assets/Updated 1.5/background 15.png"; sourceTree = "<group>"; };
		B07DA5452292B3FA00C01A78 /* background 4.png */ = {isa = PBXFileReference; lastKnownFileType = image.png; name = "background 4.png"; path = "../../../../../Assets/Updated 1.5/background 4.png"; sourceTree = "<group>"; };
		B07DA5462292B3FA00C01A78 /* background 26.png */ = {isa = PBXFileReference; lastKnownFileType = image.png; name = "background 26.png"; path = "../../../../../Assets/Updated 1.5/background 26.png"; sourceTree = "<group>"; };
		B07DA5472292B3FA00C01A78 /* background 20.png */ = {isa = PBXFileReference; lastKnownFileType = image.png; name = "background 20.png"; path = "../../../../../Assets/Updated 1.5/background 20.png"; sourceTree = "<group>"; };
		B07DA5482292B3FA00C01A78 /* background 18.png */ = {isa = PBXFileReference; lastKnownFileType = image.png; name = "background 18.png"; path = "../../../../../Assets/Updated 1.5/background 18.png"; sourceTree = "<group>"; };
		B07DA5492292B3FA00C01A78 /* background 22.png */ = {isa = PBXFileReference; lastKnownFileType = image.png; name = "background 22.png"; path = "../../../../../Assets/Updated 1.5/background 22.png"; sourceTree = "<group>"; };
		B07DA54A2292B3FA00C01A78 /* background 5.png */ = {isa = PBXFileReference; lastKnownFileType = image.png; name = "background 5.png"; path = "../../../../../Assets/Updated 1.5/background 5.png"; sourceTree = "<group>"; };
		B07DA54B2292B3FA00C01A78 /* background 23.png */ = {isa = PBXFileReference; lastKnownFileType = image.png; name = "background 23.png"; path = "../../../../../Assets/Updated 1.5/background 23.png"; sourceTree = "<group>"; };
		B07DA54C2292B3FA00C01A78 /* background 6.png */ = {isa = PBXFileReference; lastKnownFileType = image.png; name = "background 6.png"; path = "../../../../../Assets/Updated 1.5/background 6.png"; sourceTree = "<group>"; };
		B07DA54D2292B3FA00C01A78 /* background 9.png */ = {isa = PBXFileReference; lastKnownFileType = image.png; name = "background 9.png"; path = "../../../../../Assets/Updated 1.5/background 9.png"; sourceTree = "<group>"; };
		B07DA54E2292B3FA00C01A78 /* background 13.png */ = {isa = PBXFileReference; lastKnownFileType = image.png; name = "background 13.png"; path = "../../../../../Assets/Updated 1.5/background 13.png"; sourceTree = "<group>"; };
		B07DA54F2292B3FA00C01A78 /* background 1.png */ = {isa = PBXFileReference; lastKnownFileType = image.png; name = "background 1.png"; path = "../../../../../Assets/Updated 1.5/background 1.png"; sourceTree = "<group>"; };
		B07DA5502292B3FB00C01A78 /* background 8.png */ = {isa = PBXFileReference; lastKnownFileType = image.png; name = "background 8.png"; path = "../../../../../Assets/Updated 1.5/background 8.png"; sourceTree = "<group>"; };
		B07DA5512292B3FB00C01A78 /* background 14.png */ = {isa = PBXFileReference; lastKnownFileType = image.png; name = "background 14.png"; path = "../../../../../Assets/Updated 1.5/background 14.png"; sourceTree = "<group>"; };
		B07DA5522292B3FB00C01A78 /* background 25.png */ = {isa = PBXFileReference; lastKnownFileType = image.png; name = "background 25.png"; path = "../../../../../Assets/Updated 1.5/background 25.png"; sourceTree = "<group>"; };
		B07DA5532292B3FB00C01A78 /* background 17.png */ = {isa = PBXFileReference; lastKnownFileType = image.png; name = "background 17.png"; path = "../../../../../Assets/Updated 1.5/background 17.png"; sourceTree = "<group>"; };
		B07DA5542292B3FB00C01A78 /* background 28.png */ = {isa = PBXFileReference; lastKnownFileType = image.png; name = "background 28.png"; path = "../../../../../Assets/Updated 1.5/background 28.png"; sourceTree = "<group>"; };
		B07DA5552292B3FB00C01A78 /* background 24.png */ = {isa = PBXFileReference; lastKnownFileType = image.png; name = "background 24.png"; path = "../../../../../Assets/Updated 1.5/background 24.png"; sourceTree = "<group>"; };
		B07DA5562292B3FB00C01A78 /* background 19.png */ = {isa = PBXFileReference; lastKnownFileType = image.png; name = "background 19.png"; path = "../../../../../Assets/Updated 1.5/background 19.png"; sourceTree = "<group>"; };
		B07DA5572292B3FB00C01A78 /* background 16.png */ = {isa = PBXFileReference; lastKnownFileType = image.png; name = "background 16.png"; path = "../../../../../Assets/Updated 1.5/background 16.png"; sourceTree = "<group>"; };
		B07DA5582292B3FB00C01A78 /* background 2.png */ = {isa = PBXFileReference; lastKnownFileType = image.png; name = "background 2.png"; path = "../../../../../Assets/Updated 1.5/background 2.png"; sourceTree = "<group>"; };
		B07DA5592292B3FB00C01A78 /* background 11.png */ = {isa = PBXFileReference; lastKnownFileType = image.png; name = "background 11.png"; path = "../../../../../Assets/Updated 1.5/background 11.png"; sourceTree = "<group>"; };
		B07DA5762292C39100C01A78 /* FridgeViewController.swift */ = {isa = PBXFileReference; lastKnownFileType = sourcecode.swift; path = FridgeViewController.swift; sourceTree = "<group>"; };
		B07DA5782292D95D00C01A78 /* Refrigerator.png */ = {isa = PBXFileReference; lastKnownFileType = image.png; name = Refrigerator.png; path = "../../../Assets/Updated 1.5/Refrigerator.png"; sourceTree = "<group>"; };
		B07DA57A2292D97100C01A78 /* meat.png */ = {isa = PBXFileReference; lastKnownFileType = image.png; name = meat.png; path = "../../../Assets/Updated 1.5/meat.png"; sourceTree = "<group>"; };
		B0A0AD39229036FB003AB50B /* Pet Your Puppy.app */ = {isa = PBXFileReference; explicitFileType = wrapper.application; includeInIndex = 0; path = "Pet Your Puppy.app"; sourceTree = BUILT_PRODUCTS_DIR; };
		B0A0AD3C229036FB003AB50B /* AppDelegate.swift */ = {isa = PBXFileReference; lastKnownFileType = sourcecode.swift; path = AppDelegate.swift; sourceTree = "<group>"; };
		B0A0AD3E229036FB003AB50B /* ViewController.swift */ = {isa = PBXFileReference; lastKnownFileType = sourcecode.swift; path = ViewController.swift; sourceTree = "<group>"; };
		B0A0AD41229036FB003AB50B /* Base */ = {isa = PBXFileReference; lastKnownFileType = file.storyboard; name = Base; path = Base.lproj/Main.storyboard; sourceTree = "<group>"; };
		B0A0AD43229036FC003AB50B /* Assets.xcassets */ = {isa = PBXFileReference; lastKnownFileType = folder.assetcatalog; path = Assets.xcassets; sourceTree = "<group>"; };
		B0A0AD46229036FC003AB50B /* Base */ = {isa = PBXFileReference; lastKnownFileType = file.storyboard; name = Base; path = Base.lproj/LaunchScreen.storyboard; sourceTree = "<group>"; };
		B0A0AD48229036FC003AB50B /* Info.plist */ = {isa = PBXFileReference; lastKnownFileType = text.plist.xml; path = Info.plist; sourceTree = "<group>"; };
		B0A0AD5922903773003AB50B /* Dog Idle 2.png */ = {isa = PBXFileReference; lastKnownFileType = image.png; name = "Dog Idle 2.png"; path = "../../../../../Assets/Updated 1.5/Dog Idle 2.png"; sourceTree = "<group>"; };
		B0A0AD5A22903773003AB50B /* Dog Idle 3.png */ = {isa = PBXFileReference; lastKnownFileType = image.png; name = "Dog Idle 3.png"; path = "../../../../../Assets/Updated 1.5/Dog Idle 3.png"; sourceTree = "<group>"; };
		B0A0AD5B22903773003AB50B /* Dog Idle 1.png */ = {isa = PBXFileReference; lastKnownFileType = image.png; name = "Dog Idle 1.png"; path = "../../../../../Assets/Updated 1.5/Dog Idle 1.png"; sourceTree = "<group>"; };
		B0A0AD5F2290377A003AB50B /* Dog slapped 2.png */ = {isa = PBXFileReference; lastKnownFileType = image.png; name = "Dog slapped 2.png"; path = "../../../../../Assets/Updated 1.5/Dog slapped 2.png"; sourceTree = "<group>"; };
		B0A0AD602290377A003AB50B /* Dog slapped 1.png */ = {isa = PBXFileReference; lastKnownFileType = image.png; name = "Dog slapped 1.png"; path = "../../../../../Assets/Updated 1.5/Dog slapped 1.png"; sourceTree = "<group>"; };
/* End PBXFileReference section */

/* Begin PBXFrameworksBuildPhase section */
		B0A0AD36229036FB003AB50B /* Frameworks */ = {
			isa = PBXFrameworksBuildPhase;
			buildActionMask = 2147483647;
			files = (
			);
			runOnlyForDeploymentPostprocessing = 0;
		};
/* End PBXFrameworksBuildPhase section */

/* Begin PBXGroup section */
		B03574E022957E6500F32EA0 /* View-Controllers */ = {
			isa = PBXGroup;
			children = (
				B0A0AD3E229036FB003AB50B /* ViewController.swift */,
				B07DA5762292C39100C01A78 /* FridgeViewController.swift */,
			);
			path = "View-Controllers";
			sourceTree = "<group>";
		};
		B03574E122957E7D00F32EA0 /* Sounds */ = {
			isa = PBXGroup;
			children = (
				B03574F6229580CC00F32EA0 /* refrigerator.wav */,
				B03574F4229580BD00F32EA0 /* Bubbles.mp3 */,
				B03574F2229580AA00F32EA0 /* puppy_bark2.mp3 */,
				B03574F02295809700F32EA0 /* Dog_and_Pony_Show.mp3 */,
				B03574EA22957FF700F32EA0 /* dog panting.wav */,
				B03574EE2295807600F32EA0 /* dog whining 2.mp3 */,
				B03574EC2295804500F32EA0 /* Slap.wav */,
			);
			path = Sounds;
			sourceTree = "<group>";
		};
		B05B0CA322914E03001217D5 /* Heart */ = {
			isa = PBXGroup;
			children = (
				B05B0CAF2291521B001217D5 /* heart 1.png */,
				B05B0CAE2291521B001217D5 /* heart 2.png */,
				B05B0CB02291521B001217D5 /* heart 3.png */,
				B05B0CB422915226001217D5 /* heart 4.png */,
			);
			path = Heart;
			sourceTree = "<group>";
		};
		B079F5BC229ACEA900922579 /* Dog-Eat */ = {
			isa = PBXGroup;
			children = (
				B079F5BE229ACECD00922579 /* Dog Eat 1.png */,
				B079F5BD229ACECD00922579 /* Dog Eat 2.png */,
			);
			path = "Dog-Eat";
			sourceTree = "<group>";
		};
		B07DA4A62292704500C01A78 /* Dog-Cry */ = {
			isa = PBXGroup;
			children = (
				B07DA4A72292707800C01A78 /* Dog crying 1.png */,
				B07DA4A82292707800C01A78 /* Dog crying 2.png */,
				B07DA4A92292707800C01A78 /* Dog crying 3.png */,
			);
			path = "Dog-Cry";
			sourceTree = "<group>";
		};
		B07DA4B522929B7C00C01A78 /* background */ = {
			isa = PBXGroup;
			children = (
				B07DA54F2292B3FA00C01A78 /* background 1.png */,
				B07DA5582292B3FB00C01A78 /* background 2.png */,
				B07DA5412292B3FA00C01A78 /* background 3.png */,
				B07DA5452292B3FA00C01A78 /* background 4.png */,
				B07DA54A2292B3FA00C01A78 /* background 5.png */,
				B07DA54C2292B3FA00C01A78 /* background 6.png */,
				B07DA5422292B3FA00C01A78 /* background 7.png */,
				B07DA5502292B3FB00C01A78 /* background 8.png */,
				B07DA54D2292B3FA00C01A78 /* background 9.png */,
				B07DA5432292B3FA00C01A78 /* background 10.png */,
				B07DA5592292B3FB00C01A78 /* background 11.png */,
				B07DA53E2292B3FA00C01A78 /* background 12.png */,
				B07DA54E2292B3FA00C01A78 /* background 13.png */,
				B07DA5512292B3FB00C01A78 /* background 14.png */,
				B07DA5442292B3FA00C01A78 /* background 15.png */,
				B07DA5572292B3FB00C01A78 /* background 16.png */,
				B07DA5532292B3FB00C01A78 /* background 17.png */,
				B07DA5482292B3FA00C01A78 /* background 18.png */,
				B07DA5562292B3FB00C01A78 /* background 19.png */,
				B07DA5472292B3FA00C01A78 /* background 20.png */,
				B07DA53F2292B3FA00C01A78 /* background 21.png */,
				B07DA5492292B3FA00C01A78 /* background 22.png */,
				B07DA54B2292B3FA00C01A78 /* background 23.png */,
				B07DA5552292B3FB00C01A78 /* background 24.png */,
				B07DA5522292B3FB00C01A78 /* background 25.png */,
				B07DA5462292B3FA00C01A78 /* background 26.png */,
				B07DA5402292B3FA00C01A78 /* background 27.png */,
				B07DA5542292B3FB00C01A78 /* background 28.png */,
			);
			path = background;
			sourceTree = "<group>";
		};
		B0A0AD30229036FB003AB50B = {
			isa = PBXGroup;
			children = (
				B0A0AD3B229036FB003AB50B /* Pet Your Puppy */,
				B0A0AD3A229036FB003AB50B /* Products */,
			);
			sourceTree = "<group>";
		};
		B0A0AD3A229036FB003AB50B /* Products */ = {
			isa = PBXGroup;
			children = (
				B0A0AD39229036FB003AB50B /* Pet Your Puppy.app */,
			);
			name = Products;
			sourceTree = "<group>";
		};
		B0A0AD3B229036FB003AB50B /* Pet Your Puppy */ = {
			isa = PBXGroup;
			children = (
				B03574E122957E7D00F32EA0 /* Sounds */,
				B03574E022957E6500F32EA0 /* View-Controllers */,
				B0A0AD4E2290370E003AB50B /* Image-Animation */,
				B0A0AD3C229036FB003AB50B /* AppDelegate.swift */,
				B0A0AD40229036FB003AB50B /* Main.storyboard */,
				B0A0AD43229036FC003AB50B /* Assets.xcassets */,
				B0A0AD45229036FC003AB50B /* LaunchScreen.storyboard */,
				B0A0AD48229036FC003AB50B /* Info.plist */,
			);
			path = "Pet Your Puppy";
			sourceTree = "<group>";
		};
		B0A0AD4E2290370E003AB50B /* Image-Animation */ = {
			isa = PBXGroup;
			children = (
				B079F5BA229AC67400922579 /* Chicken.png */,
				B07DA4B322927E9D00C01A78 /* fridge button.png */,
				B07DA5782292D95D00C01A78 /* Refrigerator.png */,
				B07DA57A2292D97100C01A78 /* meat.png */,
				B0A0AD4F2290373A003AB50B /* Sprites */,
			);
			path = "Image-Animation";
			sourceTree = "<group>";
		};
		B0A0AD4F2290373A003AB50B /* Sprites */ = {
			isa = PBXGroup;
			children = (
				B079F5BC229ACEA900922579 /* Dog-Eat */,
				B07DA4B522929B7C00C01A78 /* background */,
				B07DA4A62292704500C01A78 /* Dog-Cry */,
				B05B0CA322914E03001217D5 /* Heart */,
				B0B8B8172290F9FD0051A1F5 /* Dog-Bark */,
				B0A0AD522290375C003AB50B /* Dog-Slapped */,
				B0A0AD512290374F003AB50B /* Dog-Happy */,
				B0A0AD5022903743003AB50B /* Dog-Idle */,
			);
			path = Sprites;
			sourceTree = "<group>";
		};
		B0A0AD5022903743003AB50B /* Dog-Idle */ = {
			isa = PBXGroup;
			children = (
				B0A0AD5B22903773003AB50B /* Dog Idle 1.png */,
				B0A0AD5922903773003AB50B /* Dog Idle 2.png */,
				B0A0AD5A22903773003AB50B /* Dog Idle 3.png */,
			);
			path = "Dog-Idle";
			sourceTree = "<group>";
		};
		B0A0AD512290374F003AB50B /* Dog-Happy */ = {
			isa = PBXGroup;
			children = (
				B05B0C86229133A3001217D5 /* Dog Touge out 1.png */,
				B05B0C87229133A3001217D5 /* Dog Touge out 2.png */,
				B05B0C85229133A3001217D5 /* Dog Touge out 3.png */,
			);
			path = "Dog-Happy";
			sourceTree = "<group>";
		};
		B0A0AD522290375C003AB50B /* Dog-Slapped */ = {
			isa = PBXGroup;
			children = (
				B0A0AD602290377A003AB50B /* Dog slapped 1.png */,
				B0A0AD5F2290377A003AB50B /* Dog slapped 2.png */,
			);
			path = "Dog-Slapped";
			sourceTree = "<group>";
		};
		B0B8B8172290F9FD0051A1F5 /* Dog-Bark */ = {
			isa = PBXGroup;
			children = (
				B05B0C8B2291372F001217D5 /* Dog Bark 1.png */,
				B05B0C8C2291372F001217D5 /* Dog Bark 2.png */,
				B05B0C932291372F001217D5 /* Dog Bark 3.png */,
				B05B0C8D2291372F001217D5 /* Dog Bark 4.png */,
				B05B0C912291372F001217D5 /* Dog Bark 5.png */,
				B05B0C8F2291372F001217D5 /* Dog Bark 6.png */,
				B05B0C902291372F001217D5 /* Dog Bark 7.png */,
				B05B0C922291372F001217D5 /* Dog Bark 8.png */,
				B05B0C8E2291372F001217D5 /* Dog Bark 9.png */,
			);
			path = "Dog-Bark";
			sourceTree = "<group>";
		};
/* End PBXGroup section */

/* Begin PBXNativeTarget section */
		B0A0AD38229036FB003AB50B /* Pet Your Puppy */ = {
			isa = PBXNativeTarget;
			buildConfigurationList = B0A0AD4B229036FC003AB50B /* Build configuration list for PBXNativeTarget "Pet Your Puppy" */;
			buildPhases = (
				B0A0AD35229036FB003AB50B /* Sources */,
				B0A0AD36229036FB003AB50B /* Frameworks */,
				B0A0AD37229036FB003AB50B /* Resources */,
			);
			buildRules = (
			);
			dependencies = (
			);
			name = "Pet Your Puppy";
			productName = "Pet Your Puppy";
			productReference = B0A0AD39229036FB003AB50B /* Pet Your Puppy.app */;
			productType = "com.apple.product-type.application";
		};
/* End PBXNativeTarget section */

/* Begin PBXProject section */
		B0A0AD31229036FB003AB50B /* Project object */ = {
			isa = PBXProject;
			attributes = {
				LastSwiftUpdateCheck = 1020;
				LastUpgradeCheck = 1020;
				ORGANIZATIONNAME = "Annisa Nabila Nasution";
				TargetAttributes = {
					B0A0AD38229036FB003AB50B = {
						CreatedOnToolsVersion = 10.2.1;
					};
				};
			};
			buildConfigurationList = B0A0AD34229036FB003AB50B /* Build configuration list for PBXProject "Pet Your Puppy" */;
			compatibilityVersion = "Xcode 9.3";
			developmentRegion = en;
			hasScannedForEncodings = 0;
			knownRegions = (
				en,
				Base,
			);
			mainGroup = B0A0AD30229036FB003AB50B;
			productRefGroup = B0A0AD3A229036FB003AB50B /* Products */;
			projectDirPath = "";
			projectRoot = "";
			targets = (
				B0A0AD38229036FB003AB50B /* Pet Your Puppy */,
			);
		};
/* End PBXProject section */

/* Begin PBXResourcesBuildPhase section */
		B0A0AD37229036FB003AB50B /* Resources */ = {
			isa = PBXResourcesBuildPhase;
			buildActionMask = 2147483647;
			files = (
				B07DA5732292B3FB00C01A78 /* background 16.png in Resources */,
				B07DA56A2292B3FB00C01A78 /* background 13.png in Resources */,
				B05B0CB32291521B001217D5 /* heart 3.png in Resources */,
				B07DA56F2292B3FB00C01A78 /* background 17.png in Resources */,
				B07DA55F2292B3FB00C01A78 /* background 10.png in Resources */,
				B05B0C9C2291372F001217D5 /* Dog Bark 3.png in Resources */,
				B0A0AD47229036FC003AB50B /* LaunchScreen.storyboard in Resources */,
				B07DA56D2292B3FB00C01A78 /* background 14.png in Resources */,
				B03574F5229580BD00F32EA0 /* Bubbles.mp3 in Resources */,
				B05B0CB12291521B001217D5 /* heart 2.png in Resources */,
				B0A0AD622290377A003AB50B /* Dog slapped 1.png in Resources */,
				B0A0AD612290377A003AB50B /* Dog slapped 2.png in Resources */,
				B07DA57B2292D97100C01A78 /* meat.png in Resources */,
				B0A0AD5C22903773003AB50B /* Dog Idle 2.png in Resources */,
				B07DA5632292B3FB00C01A78 /* background 20.png in Resources */,
				B07DA56B2292B3FB00C01A78 /* background 1.png in Resources */,
				B03574F3229580AA00F32EA0 /* puppy_bark2.mp3 in Resources */,
				B03574EB22957FF700F32EA0 /* dog panting.wav in Resources */,
				B03574ED2295804500F32EA0 /* Slap.wav in Resources */,
				B0A0AD5D22903773003AB50B /* Dog Idle 3.png in Resources */,
				B0A0AD44229036FC003AB50B /* Assets.xcassets in Resources */,
				B07DA56C2292B3FB00C01A78 /* background 8.png in Resources */,
				B07DA4AB2292707800C01A78 /* Dog crying 2.png in Resources */,
				B07DA55A2292B3FB00C01A78 /* background 12.png in Resources */,
				B07DA5742292B3FB00C01A78 /* background 2.png in Resources */,
				B07DA5602292B3FB00C01A78 /* background 15.png in Resources */,
				B07DA5752292B3FB00C01A78 /* background 11.png in Resources */,
				B0A0AD42229036FB003AB50B /* Main.storyboard in Resources */,
				B05B0C972291372F001217D5 /* Dog Bark 9.png in Resources */,
				B05B0C89229133A3001217D5 /* Dog Touge out 1.png in Resources */,
				B05B0C992291372F001217D5 /* Dog Bark 7.png in Resources */,
				B07DA5672292B3FB00C01A78 /* background 23.png in Resources */,
				B07DA55E2292B3FB00C01A78 /* background 7.png in Resources */,
				B079F5BB229AC67400922579 /* Chicken.png in Resources */,
				B07DA56E2292B3FB00C01A78 /* background 25.png in Resources */,
				B05B0C88229133A3001217D5 /* Dog Touge out 3.png in Resources */,
				B05B0C942291372F001217D5 /* Dog Bark 1.png in Resources */,
				B07DA55C2292B3FB00C01A78 /* background 27.png in Resources */,
				B07DA4B422927E9D00C01A78 /* fridge button.png in Resources */,
				B07DA5692292B3FB00C01A78 /* background 9.png in Resources */,
				B07DA5712292B3FB00C01A78 /* background 24.png in Resources */,
				B03574EF2295807700F32EA0 /* dog whining 2.mp3 in Resources */,
				B079F5BF229ACECD00922579 /* Dog Eat 2.png in Resources */,
				B07DA5612292B3FB00C01A78 /* background 4.png in Resources */,
				B05B0CB522915226001217D5 /* heart 4.png in Resources */,
				B05B0C982291372F001217D5 /* Dog Bark 6.png in Resources */,
				B05B0C952291372F001217D5 /* Dog Bark 2.png in Resources */,
				B07DA5682292B3FB00C01A78 /* background 6.png in Resources */,
				B05B0C962291372F001217D5 /* Dog Bark 4.png in Resources */,
				B07DA5622292B3FB00C01A78 /* background 26.png in Resources */,
				B07DA5792292D95D00C01A78 /* Refrigerator.png in Resources */,
				B07DA4AA2292707800C01A78 /* Dog crying 1.png in Resources */,
				B03574F12295809800F32EA0 /* Dog_and_Pony_Show.mp3 in Resources */,
				B05B0C9A2291372F001217D5 /* Dog Bark 5.png in Resources */,
				B05B0C8A229133A3001217D5 /* Dog Touge out 2.png in Resources */,
				B07DA5702292B3FB00C01A78 /* background 28.png in Resources */,
				B07DA4AC2292707800C01A78 /* Dog crying 3.png in Resources */,
				B07DA55B2292B3FB00C01A78 /* background 21.png in Resources */,
				B07DA5722292B3FB00C01A78 /* background 19.png in Resources */,
				B07DA5652292B3FB00C01A78 /* background 22.png in Resources */,
				B07DA5662292B3FB00C01A78 /* background 5.png in Resources */,
				B079F5C0229ACECD00922579 /* Dog Eat 1.png in Resources */,
				B03574F7229580CC00F32EA0 /* refrigerator.wav in Resources */,
				B0A0AD5E22903773003AB50B /* Dog Idle 1.png in Resources */,
				B05B0C9B2291372F001217D5 /* Dog Bark 8.png in Resources */,
				B05B0CB22291521B001217D5 /* heart 1.png in Resources */,
				B07DA5642292B3FB00C01A78 /* background 18.png in Resources */,
				B07DA55D2292B3FB00C01A78 /* background 3.png in Resources */,
			);
			runOnlyForDeploymentPostprocessing = 0;
		};
/* End PBXResourcesBuildPhase section */

/* Begin PBXSourcesBuildPhase section */
		B0A0AD35229036FB003AB50B /* Sources */ = {
			isa = PBXSourcesBuildPhase;
			buildActionMask = 2147483647;
			files = (
				B0A0AD3F229036FB003AB50B /* ViewController.swift in Sources */,
				B0A0AD3D229036FB003AB50B /* AppDelegate.swift in Sources */,
				B07DA5772292C39100C01A78 /* FridgeViewController.swift in Sources */,
			);
			runOnlyForDeploymentPostprocessing = 0;
		};
/* End PBXSourcesBuildPhase section */

/* Begin PBXVariantGroup section */
		B0A0AD40229036FB003AB50B /* Main.storyboard */ = {
			isa = PBXVariantGroup;
			children = (
				B0A0AD41229036FB003AB50B /* Base */,
			);
			name = Main.storyboard;
			sourceTree = "<group>";
		};
		B0A0AD45229036FC003AB50B /* LaunchScreen.storyboard */ = {
			isa = PBXVariantGroup;
			children = (
				B0A0AD46229036FC003AB50B /* Base */,
			);
			name = LaunchScreen.storyboard;
			sourceTree = "<group>";
		};
/* End PBXVariantGroup section */

/* Begin XCBuildConfiguration section */
		B0A0AD49229036FC003AB50B /* Debug */ = {
			isa = XCBuildConfiguration;
			buildSettings = {
				ALWAYS_SEARCH_USER_PATHS = NO;
				CLANG_ANALYZER_NONNULL = YES;
				CLANG_ANALYZER_NUMBER_OBJECT_CONVERSION = YES_AGGRESSIVE;
				CLANG_CXX_LANGUAGE_STANDARD = "gnu++14";
				CLANG_CXX_LIBRARY = "libc++";
				CLANG_ENABLE_MODULES = YES;
				CLANG_ENABLE_OBJC_ARC = YES;
				CLANG_ENABLE_OBJC_WEAK = YES;
				CLANG_WARN_BLOCK_CAPTURE_AUTORELEASING = YES;
				CLANG_WARN_BOOL_CONVERSION = YES;
				CLANG_WARN_COMMA = YES;
				CLANG_WARN_CONSTANT_CONVERSION = YES;
				CLANG_WARN_DEPRECATED_OBJC_IMPLEMENTATIONS = YES;
				CLANG_WARN_DIRECT_OBJC_ISA_USAGE = YES_ERROR;
				CLANG_WARN_DOCUMENTATION_COMMENTS = YES;
				CLANG_WARN_EMPTY_BODY = YES;
				CLANG_WARN_ENUM_CONVERSION = YES;
				CLANG_WARN_INFINITE_RECURSION = YES;
				CLANG_WARN_INT_CONVERSION = YES;
				CLANG_WARN_NON_LITERAL_NULL_CONVERSION = YES;
				CLANG_WARN_OBJC_IMPLICIT_RETAIN_SELF = YES;
				CLANG_WARN_OBJC_LITERAL_CONVERSION = YES;
				CLANG_WARN_OBJC_ROOT_CLASS = YES_ERROR;
				CLANG_WARN_RANGE_LOOP_ANALYSIS = YES;
				CLANG_WARN_STRICT_PROTOTYPES = YES;
				CLANG_WARN_SUSPICIOUS_MOVE = YES;
				CLANG_WARN_UNGUARDED_AVAILABILITY = YES_AGGRESSIVE;
				CLANG_WARN_UNREACHABLE_CODE = YES;
				CLANG_WARN__DUPLICATE_METHOD_MATCH = YES;
				CODE_SIGN_IDENTITY = "iPhone Developer";
				COPY_PHASE_STRIP = NO;
				DEBUG_INFORMATION_FORMAT = dwarf;
				ENABLE_STRICT_OBJC_MSGSEND = YES;
				ENABLE_TESTABILITY = YES;
				GCC_C_LANGUAGE_STANDARD = gnu11;
				GCC_DYNAMIC_NO_PIC = NO;
				GCC_NO_COMMON_BLOCKS = YES;
				GCC_OPTIMIZATION_LEVEL = 0;
				GCC_PREPROCESSOR_DEFINITIONS = (
					"DEBUG=1",
					"$(inherited)",
				);
				GCC_WARN_64_TO_32_BIT_CONVERSION = YES;
				GCC_WARN_ABOUT_RETURN_TYPE = YES_ERROR;
				GCC_WARN_UNDECLARED_SELECTOR = YES;
				GCC_WARN_UNINITIALIZED_AUTOS = YES_AGGRESSIVE;
				GCC_WARN_UNUSED_FUNCTION = YES;
				GCC_WARN_UNUSED_VARIABLE = YES;
				IPHONEOS_DEPLOYMENT_TARGET = 12.2;
				MTL_ENABLE_DEBUG_INFO = INCLUDE_SOURCE;
				MTL_FAST_MATH = YES;
				ONLY_ACTIVE_ARCH = YES;
				SDKROOT = iphoneos;
				SWIFT_ACTIVE_COMPILATION_CONDITIONS = DEBUG;
				SWIFT_OPTIMIZATION_LEVEL = "-Onone";
			};
			name = Debug;
		};
		B0A0AD4A229036FC003AB50B /* Release */ = {
			isa = XCBuildConfiguration;
			buildSettings = {
				ALWAYS_SEARCH_USER_PATHS = NO;
				CLANG_ANALYZER_NONNULL = YES;
				CLANG_ANALYZER_NUMBER_OBJECT_CONVERSION = YES_AGGRESSIVE;
				CLANG_CXX_LANGUAGE_STANDARD = "gnu++14";
				CLANG_CXX_LIBRARY = "libc++";
				CLANG_ENABLE_MODULES = YES;
				CLANG_ENABLE_OBJC_ARC = YES;
				CLANG_ENABLE_OBJC_WEAK = YES;
				CLANG_WARN_BLOCK_CAPTURE_AUTORELEASING = YES;
				CLANG_WARN_BOOL_CONVERSION = YES;
				CLANG_WARN_COMMA = YES;
				CLANG_WARN_CONSTANT_CONVERSION = YES;
				CLANG_WARN_DEPRECATED_OBJC_IMPLEMENTATIONS = YES;
				CLANG_WARN_DIRECT_OBJC_ISA_USAGE = YES_ERROR;
				CLANG_WARN_DOCUMENTATION_COMMENTS = YES;
				CLANG_WARN_EMPTY_BODY = YES;
				CLANG_WARN_ENUM_CONVERSION = YES;
				CLANG_WARN_INFINITE_RECURSION = YES;
				CLANG_WARN_INT_CONVERSION = YES;
				CLANG_WARN_NON_LITERAL_NULL_CONVERSION = YES;
				CLANG_WARN_OBJC_IMPLICIT_RETAIN_SELF = YES;
				CLANG_WARN_OBJC_LITERAL_CONVERSION = YES;
				CLANG_WARN_OBJC_ROOT_CLASS = YES_ERROR;
				CLANG_WARN_RANGE_LOOP_ANALYSIS = YES;
				CLANG_WARN_STRICT_PROTOTYPES = YES;
				CLANG_WARN_SUSPICIOUS_MOVE = YES;
				CLANG_WARN_UNGUARDED_AVAILABILITY = YES_AGGRESSIVE;
				CLANG_WARN_UNREACHABLE_CODE = YES;
				CLANG_WARN__DUPLICATE_METHOD_MATCH = YES;
				CODE_SIGN_IDENTITY = "iPhone Developer";
				COPY_PHASE_STRIP = NO;
				DEBUG_INFORMATION_FORMAT = "dwarf-with-dsym";
				ENABLE_NS_ASSERTIONS = NO;
				ENABLE_STRICT_OBJC_MSGSEND = YES;
				GCC_C_LANGUAGE_STANDARD = gnu11;
				GCC_NO_COMMON_BLOCKS = YES;
				GCC_WARN_64_TO_32_BIT_CONVERSION = YES;
				GCC_WARN_ABOUT_RETURN_TYPE = YES_ERROR;
				GCC_WARN_UNDECLARED_SELECTOR = YES;
				GCC_WARN_UNINITIALIZED_AUTOS = YES_AGGRESSIVE;
				GCC_WARN_UNUSED_FUNCTION = YES;
				GCC_WARN_UNUSED_VARIABLE = YES;
				IPHONEOS_DEPLOYMENT_TARGET = 12.2;
				MTL_ENABLE_DEBUG_INFO = NO;
				MTL_FAST_MATH = YES;
				SDKROOT = iphoneos;
				SWIFT_COMPILATION_MODE = wholemodule;
				SWIFT_OPTIMIZATION_LEVEL = "-O";
				VALIDATE_PRODUCT = YES;
			};
			name = Release;
		};
		B0A0AD4C229036FC003AB50B /* Debug */ = {
			isa = XCBuildConfiguration;
			buildSettings = {
				ASSETCATALOG_COMPILER_APPICON_NAME = AppIcon;
				CODE_SIGN_STYLE = Automatic;
				DEVELOPMENT_TEAM = D8V7US36NT;
				INFOPLIST_FILE = "Pet Your Puppy/Info.plist";
				LD_RUNPATH_SEARCH_PATHS = (
					"$(inherited)",
					"@executable_path/Frameworks",
				);
				PRODUCT_BUNDLE_IDENTIFIER = "fishandchip.Pet-Your-Puppy";
				PRODUCT_NAME = "$(TARGET_NAME)";
				SWIFT_VERSION = 5.0;
				TARGETED_DEVICE_FAMILY = "1,2";
			};
			name = Debug;
		};
		B0A0AD4D229036FC003AB50B /* Release */ = {
			isa = XCBuildConfiguration;
			buildSettings = {
				ASSETCATALOG_COMPILER_APPICON_NAME = AppIcon;
				CODE_SIGN_STYLE = Automatic;
				DEVELOPMENT_TEAM = D8V7US36NT;
				INFOPLIST_FILE = "Pet Your Puppy/Info.plist";
				LD_RUNPATH_SEARCH_PATHS = (
					"$(inherited)",
					"@executable_path/Frameworks",
				);
				PRODUCT_BUNDLE_IDENTIFIER = "fishandchip.Pet-Your-Puppy";
				PRODUCT_NAME = "$(TARGET_NAME)";
				SWIFT_VERSION = 5.0;
				TARGETED_DEVICE_FAMILY = "1,2";
			};
			name = Release;
		};
/* End XCBuildConfiguration section */

/* Begin XCConfigurationList section */
		B0A0AD34229036FB003AB50B /* Build configuration list for PBXProject "Pet Your Puppy" */ = {
			isa = XCConfigurationList;
			buildConfigurations = (
				B0A0AD49229036FC003AB50B /* Debug */,
				B0A0AD4A229036FC003AB50B /* Release */,
			);
			defaultConfigurationIsVisible = 0;
			defaultConfigurationName = Release;
		};
		B0A0AD4B229036FC003AB50B /* Build configuration list for PBXNativeTarget "Pet Your Puppy" */ = {
			isa = XCConfigurationList;
			buildConfigurations = (
				B0A0AD4C229036FC003AB50B /* Debug */,
				B0A0AD4D229036FC003AB50B /* Release */,
			);
			defaultConfigurationIsVisible = 0;
			defaultConfigurationName = Release;
		};
/* End XCConfigurationList section */
	};
	rootObject = B0A0AD31229036FB003AB50B /* Project object */;
}
